# This file is automatically @generated by Cargo.
# It is not intended for manual editing.
version = 3

[[package]]
name = "apex-arm64"
version = "0.1.0"
dependencies = [
 "apex-core",
]

[[package]]
name = "apex-core"
version = "0.1.0"

[[package]]
name = "apex-devices"
version = "0.1.0"
dependencies = [
 "apex-core",
]

[[package]]
name = "apex-hvf"
version = "0.1.0"
dependencies = [
 "apex-arm64",
 "apex-core",
]

[[package]]
name = "apex-vmm"
version = "0.1.0"
dependencies = [
 "apex-arm64",
 "apex-core",
 "apex-devices",
 "apex-hvf",
]
